{
  "name": "discord-economy-bot",
  "version": "1.0.0",
  "lockfileVersion": 3,
  "requires": true,
  "packages": {
    "": {
      "name": "discord-economy-bot",
      "version": "1.0.0",
      "dependencies": {
        "better-sqlite3": "^9.4.3",
        "discord.js": "^14.14.1",
        "dotenv": "^16.4.5"
      },
      "engines": {
        "node": ">=18.0.0"
      }
    }
  }
}
